Microsoft Visual Studio Solution File, Format Version 10.00
# Visual Studio 2008
Project("{FAE04EC0-301F-11D3-BF4B-00C04F79EFBC}") = "shaolin", "shaolin\shaolin.csproj", "{D36C282C-E458-49FD-9578-2DAC9F1979A2}"
EndProject
Global
	GlobalSection(SolutionConfigurationPlatforms) = preSolution
		Debug|Any CPU = Debug|Any CPU
		Release|Any CPU = Release|Any CPU
	EndGlobalSection
	GlobalSection(ProjectConfigurationPlatforms) = postSolution
		{D36C282C-E458-49FD-9578-2DAC9F1979A2}.Debug|Any CPU.ActiveCfg = Debug|Any CPU
		{D36C282C-E458-49FD-9578-2DAC9F1979A2}.Debug|Any CPU.Build.0 = Debug|Any CPU
		{D36C282C-E458-49FD-9578-2DAC9F1979A2}.Release|Any CPU.ActiveCfg = Release|Any CPU
		{D36C282C-E458-49FD-9578-2DAC9F1979A2}.Release|Any CPU.Build.0 = Release|Any CPU
	EndGlobalSection
	GlobalSection(SolutionProperties) = preSolution
		HideSolutionNode = FALSE
	EndGlobalSection
EndGlobal
